
Microsoft Visual Studio Solution File, Format Version 12.00
# Visual Studio Version 16
VisualStudioVersion = 16.0.30523.141
MinimumVisualStudioVersion = 10.0.40219.1
Project("{9A19103F-16F7-4668-BE54-9A1E7A4F7556}") = "MyBlogApp", "MyBlog\MyBlogApp.csproj", "{EC242E60-3C31-41D0-AB0A-9C7A36F77BB3}"
EndProject
Project("{9A19103F-16F7-4668-BE54-9A1E7A4F7556}") = "DbAccess", "DbAccess\DbAccess.csproj", "{6E0393D3-AD03-4637-8CED-1B8F6BB837E1}"
EndProject
Project("{9A19103F-16F7-4668-BE54-9A1E7A4F7556}") = "MyBlogAPI", "MyBlogAPI\MyBlogAPI.csproj", "{4D795706-FECC-4072-8BBB-DD377D3E76D2}"
EndProject
Project("{9A19103F-16F7-4668-BE54-9A1E7A4F7556}") = "DBAccess.Test", "DBAccess.Test\DBAccess.Test.csproj", "{0EB28CC3-3C67-42EF-9E02-62092B6473E1}"
EndProject
Project("{FAE04EC0-301F-11D3-BF4B-00C04F79EFBC}") = "MyBlogAPI.Test", "MyBlogAPI.Test\MyBlogAPI.Test.csproj", "{7B6298DE-2AFA-4F54-8231-78DFB9E8F633}"
EndProject
Global
	GlobalSection(SolutionConfigurationPlatforms) = preSolution
		Debug|Any CPU = Debug|Any CPU
		Release|Any CPU = Release|Any CPU
	EndGlobalSection
	GlobalSection(ProjectConfigurationPlatforms) = postSolution
		{EC242E60-3C31-41D0-AB0A-9C7A36F77BB3}.Debug|Any CPU.ActiveCfg = Debug|Any CPU
		{EC242E60-3C31-41D0-AB0A-9C7A36F77BB3}.Debug|Any CPU.Build.0 = Debug|Any CPU
		{EC242E60-3C31-41D0-AB0A-9C7A36F77BB3}.Release|Any CPU.ActiveCfg = Release|Any CPU
		{EC242E60-3C31-41D0-AB0A-9C7A36F77BB3}.Release|Any CPU.Build.0 = Release|Any CPU
		{6E0393D3-AD03-4637-8CED-1B8F6BB837E1}.Debug|Any CPU.ActiveCfg = Debug|Any CPU
		{6E0393D3-AD03-4637-8CED-1B8F6BB837E1}.Debug|Any CPU.Build.0 = Debug|Any CPU
		{6E0393D3-AD03-4637-8CED-1B8F6BB837E1}.Release|Any CPU.ActiveCfg = Release|Any CPU
		{6E0393D3-AD03-4637-8CED-1B8F6BB837E1}.Release|Any CPU.Build.0 = Release|Any CPU
		{4D795706-FECC-4072-8BBB-DD377D3E76D2}.Debug|Any CPU.ActiveCfg = Debug|Any CPU
		{4D795706-FECC-4072-8BBB-DD377D3E76D2}.Debug|Any CPU.Build.0 = Debug|Any CPU
		{4D795706-FECC-4072-8BBB-DD377D3E76D2}.Release|Any CPU.ActiveCfg = Release|Any CPU
		{4D795706-FECC-4072-8BBB-DD377D3E76D2}.Release|Any CPU.Build.0 = Release|Any CPU
		{0EB28CC3-3C67-42EF-9E02-62092B6473E1}.Debug|Any CPU.ActiveCfg = Debug|Any CPU
		{0EB28CC3-3C67-42EF-9E02-62092B6473E1}.Debug|Any CPU.Build.0 = Debug|Any CPU
		{0EB28CC3-3C67-42EF-9E02-62092B6473E1}.Release|Any CPU.ActiveCfg = Release|Any CPU
		{0EB28CC3-3C67-42EF-9E02-62092B6473E1}.Release|Any CPU.Build.0 = Release|Any CPU
		{7B6298DE-2AFA-4F54-8231-78DFB9E8F633}.Debug|Any CPU.ActiveCfg = Debug|Any CPU
		{7B6298DE-2AFA-4F54-8231-78DFB9E8F633}.Debug|Any CPU.Build.0 = Debug|Any CPU
		{7B6298DE-2AFA-4F54-8231-78DFB9E8F633}.Release|Any CPU.ActiveCfg = Release|Any CPU
		{7B6298DE-2AFA-4F54-8231-78DFB9E8F633}.Release|Any CPU.Build.0 = Release|Any CPU
	EndGlobalSection
	GlobalSection(SolutionProperties) = preSolution
		HideSolutionNode = FALSE
	EndGlobalSection
	GlobalSection(ExtensibilityGlobals) = postSolution
		SolutionGuid = {3C0E2686-204E-4DD6-8B48-90E8F7D63B02}
	EndGlobalSection
EndGlobal
